// !$*UTF8*$!
{
	archiveVersion = 1;
	classes = {
	};
	objectVersion = 46;
	objects = {

/* Begin PBXBuildFile section */
		4F5912431EF9286800C8CFD0 /* AppDelegate.swift in Sources */ = {isa = PBXBuildFile; fileRef = 4F5912421EF9286800C8CFD0 /* AppDelegate.swift */; };
		4F5912451EF9286800C8CFD0 /* ViewController.swift in Sources */ = {isa = PBXBuildFile; fileRef = 4F5912441EF9286800C8CFD0 /* ViewController.swift */; };
		4F5912481EF9286800C8CFD0 /* Main.storyboard in Resources */ = {isa = PBXBuildFile; fileRef = 4F5912461EF9286800C8CFD0 /* Main.storyboard */; };
		4F59124A1EF9286800C8CFD0 /* Assets.xcassets in Resources */ = {isa = PBXBuildFile; fileRef = 4F5912491EF9286800C8CFD0 /* Assets.xcassets */; };
		4F59124D1EF9286800C8CFD0 /* LaunchScreen.storyboard in Resources */ = {isa = PBXBuildFile; fileRef = 4F59124B1EF9286800C8CFD0 /* LaunchScreen.storyboard */; };
		4F5912561EF93FA600C8CFD0 /* MQTT.swift in Sources */ = {isa = PBXBuildFile; fileRef = 4F5912551EF93FA500C8CFD0 /* MQTT.swift */; };
		4F5912581EF9402400C8CFD0 /* MQTTMessage.swift in Sources */ = {isa = PBXBuildFile; fileRef = 4F5912571EF9402400C8CFD0 /* MQTTMessage.swift */; };
		4F59125A1EF9434200C8CFD0 /* MQTTFrame.swift in Sources */ = {isa = PBXBuildFile; fileRef = 4F5912591EF9434200C8CFD0 /* MQTTFrame.swift */; };
		4F59125F1EF9481F00C8CFD0 /* GCDAsyncSocket.m in Sources */ = {isa = PBXBuildFile; fileRef = 4F59125E1EF9481F00C8CFD0 /* GCDAsyncSocket.m */; };
		4F5912611EF9489700C8CFD0 /* GCDAsyncUdpSocket.m in Sources */ = {isa = PBXBuildFile; fileRef = 4F5912601EF9489700C8CFD0 /* GCDAsyncUdpSocket.m */; };
		4F59127F1EF9985500C8CFD0 /* SwiftyTimer.swift in Sources */ = {isa = PBXBuildFile; fileRef = 4F59127E1EF9985500C8CFD0 /* SwiftyTimer.swift */; };
/* End PBXBuildFile section */

/* Begin PBXFileReference section */
		4F59123F1EF9286800C8CFD0 /* MQTTExample.app */ = {isa = PBXFileReference; explicitFileType = wrapper.application; includeInIndex = 0; path = MQTTExample.app; sourceTree = BUILT_PRODUCTS_DIR; };
		4F5912421EF9286800C8CFD0 /* AppDelegate.swift */ = {isa = PBXFileReference; lastKnownFileType = sourcecode.swift; path = AppDelegate.swift; sourceTree = "<group>"; };
		4F5912441EF9286800C8CFD0 /* ViewController.swift */ = {isa = PBXFileReference; lastKnownFileType = sourcecode.swift; path = ViewController.swift; sourceTree = "<group>"; };
		4F5912471EF9286800C8CFD0 /* Base */ = {isa = PBXFileReference; lastKnownFileType = file.storyboard; name = Base; path = Base.lproj/Main.storyboard; sourceTree = "<group>"; };
		4F5912491EF9286800C8CFD0 /* Assets.xcassets */ = {isa = PBXFileReference; lastKnownFileType = folder.assetcatalog; path = Assets.xcassets; sourceTree = "<group>"; };
		4F59124C1EF9286800C8CFD0 /* Base */ = {isa = PBXFileReference; lastKnownFileType = file.storyboard; name = Base; path = Base.lproj/LaunchScreen.storyboard; sourceTree = "<group>"; };
		4F59124E1EF9286800C8CFD0 /* Info.plist */ = {isa = PBXFileReference; lastKnownFileType = text.plist.xml; path = Info.plist; sourceTree = "<group>"; };
		4F5912551EF93FA500C8CFD0 /* MQTT.swift */ = {isa = PBXFileReference; fileEncoding = 4; lastKnownFileType = sourcecode.swift; path = MQTT.swift; sourceTree = "<group>"; };
		4F5912571EF9402400C8CFD0 /* MQTTMessage.swift */ = {isa = PBXFileReference; fileEncoding = 4; lastKnownFileType = sourcecode.swift; path = MQTTMessage.swift; sourceTree = "<group>"; };
		4F5912591EF9434200C8CFD0 /* MQTTFrame.swift */ = {isa = PBXFileReference; fileEncoding = 4; lastKnownFileType = sourcecode.swift; path = MQTTFrame.swift; sourceTree = "<group>"; };
		4F59125E1EF9481F00C8CFD0 /* GCDAsyncSocket.m */ = {isa = PBXFileReference; fileEncoding = 4; lastKnownFileType = sourcecode.c.objc; path = GCDAsyncSocket.m; sourceTree = "<group>"; };
		4F5912601EF9489700C8CFD0 /* GCDAsyncUdpSocket.m */ = {isa = PBXFileReference; fileEncoding = 4; lastKnownFileType = sourcecode.c.objc; path = GCDAsyncUdpSocket.m; sourceTree = "<group>"; };
		4F5912631EF9498300C8CFD0 /* GCDAsyncUdpSocket.h */ = {isa = PBXFileReference; fileEncoding = 4; lastKnownFileType = sourcecode.c.h; path = GCDAsyncUdpSocket.h; sourceTree = "<group>"; };
		4F5912641EF9498300C8CFD0 /* GCDAsyncSocket.h */ = {isa = PBXFileReference; fileEncoding = 4; lastKnownFileType = sourcecode.c.h; path = GCDAsyncSocket.h; sourceTree = "<group>"; };
		4F5912651EF949EC00C8CFD0 /* AsyncSocket.h */ = {isa = PBXFileReference; lastKnownFileType = sourcecode.c.h; path = AsyncSocket.h; sourceTree = "<group>"; };
		4F59127E1EF9985500C8CFD0 /* SwiftyTimer.swift */ = {isa = PBXFileReference; fileEncoding = 4; lastKnownFileType = sourcecode.swift; path = SwiftyTimer.swift; sourceTree = "<group>"; };
/* End PBXFileReference section */

/* Begin PBXFrameworksBuildPhase section */
		4F59123C1EF9286800C8CFD0 /* Frameworks */ = {
			isa = PBXFrameworksBuildPhase;
			buildActionMask = 2147483647;
			files = (
			);
			runOnlyForDeploymentPostprocessing = 0;
		};
/* End PBXFrameworksBuildPhase section */

/* Begin PBXGroup section */
		4F5912361EF9286800C8CFD0 = {
			isa = PBXGroup;
			children = (
				4F5912411EF9286800C8CFD0 /* MQTTExample */,
				4F5912401EF9286800C8CFD0 /* Products */,
				4F5912661EF94D8500C8CFD0 /* Frameworks */,
			);
			sourceTree = "<group>";
		};
		4F5912401EF9286800C8CFD0 /* Products */ = {
			isa = PBXGroup;
			children = (
				4F59123F1EF9286800C8CFD0 /* MQTTExample.app */,
			);
			name = Products;
			sourceTree = "<group>";
		};
		4F5912411EF9286800C8CFD0 /* MQTTExample */ = {
			isa = PBXGroup;
			children = (
				4F5912541EF93F8400C8CFD0 /* MQTT */,
				4F5912421EF9286800C8CFD0 /* AppDelegate.swift */,
				4F5912441EF9286800C8CFD0 /* ViewController.swift */,
				4F5912461EF9286800C8CFD0 /* Main.storyboard */,
				4F5912491EF9286800C8CFD0 /* Assets.xcassets */,
				4F59124B1EF9286800C8CFD0 /* LaunchScreen.storyboard */,
				4F59124E1EF9286800C8CFD0 /* Info.plist */,
			);
			path = MQTTExample;
			sourceTree = "<group>";
		};
		4F5912541EF93F8400C8CFD0 /* MQTT */ = {
			isa = PBXGroup;
			children = (
				4F59127D1EF9983800C8CFD0 /* SwiftyTimer */,
				4F5912651EF949EC00C8CFD0 /* AsyncSocket.h */,
				4F59125B1EF9476E00C8CFD0 /* GCDA */,
				4F5912551EF93FA500C8CFD0 /* MQTT.swift */,
				4F5912571EF9402400C8CFD0 /* MQTTMessage.swift */,
				4F5912591EF9434200C8CFD0 /* MQTTFrame.swift */,
			);
			name = MQTT;
			sourceTree = "<group>";
		};
		4F59125B1EF9476E00C8CFD0 /* GCDA */ = {
			isa = PBXGroup;
			children = (
				4F59125E1EF9481F00C8CFD0 /* GCDAsyncSocket.m */,
				4F5912601EF9489700C8CFD0 /* GCDAsyncUdpSocket.m */,
				4F5912631EF9498300C8CFD0 /* GCDAsyncUdpSocket.h */,
				4F5912641EF9498300C8CFD0 /* GCDAsyncSocket.h */,
			);
			name = GCDA;
			sourceTree = "<group>";
		};
		4F5912661EF94D8500C8CFD0 /* Frameworks */ = {
			isa = PBXGroup;
			children = (
			);
			name = Frameworks;
			sourceTree = "<group>";
		};
		4F59127D1EF9983800C8CFD0 /* SwiftyTimer */ = {
			isa = PBXGroup;
			children = (
				4F59127E1EF9985500C8CFD0 /* SwiftyTimer.swift */,
			);
			name = SwiftyTimer;
			sourceTree = "<group>";
		};
/* End PBXGroup section */

/* Begin PBXNativeTarget section */
		4F59123E1EF9286800C8CFD0 /* MQTTExample */ = {
			isa = PBXNativeTarget;
			buildConfigurationList = 4F5912511EF9286800C8CFD0 /* Build configuration list for PBXNativeTarget "MQTTExample" */;
			buildPhases = (
				4F59123B1EF9286800C8CFD0 /* Sources */,
				4F59123C1EF9286800C8CFD0 /* Frameworks */,
				4F59123D1EF9286800C8CFD0 /* Resources */,
			);
			buildRules = (
			);
			dependencies = (
			);
			name = MQTTExample;
			productName = MQTTExample;
			productReference = 4F59123F1EF9286800C8CFD0 /* MQTTExample.app */;
			productType = "com.apple.product-type.application";
		};
/* End PBXNativeTarget section */

/* Begin PBXProject section */
		4F5912371EF9286800C8CFD0 /* Project object */ = {
			isa = PBXProject;
			attributes = {
				LastSwiftUpdateCheck = 0830;
				LastUpgradeCheck = 0830;
				ORGANIZATIONNAME = INGCAG;
				TargetAttributes = {
					4F59123E1EF9286800C8CFD0 = {
						CreatedOnToolsVersion = 8.3.3;
						DevelopmentTeam = HPJBGEQXU4;
						LastSwiftMigration = 0830;
						ProvisioningStyle = Automatic;
					};
				};
			};
			buildConfigurationList = 4F59123A1EF9286800C8CFD0 /* Build configuration list for PBXProject "MQTTExample" */;
			compatibilityVersion = "Xcode 3.2";
			developmentRegion = English;
			hasScannedForEncodings = 0;
			knownRegions = (
				en,
				Base,
			);
			mainGroup = 4F5912361EF9286800C8CFD0;
			productRefGroup = 4F5912401EF9286800C8CFD0 /* Products */;
			projectDirPath = "";
			projectRoot = "";
			targets = (
				4F59123E1EF9286800C8CFD0 /* MQTTExample */,
			);
		};
/* End PBXProject section */

/* Begin PBXResourcesBuildPhase section */
		4F59123D1EF9286800C8CFD0 /* Resources */ = {
			isa = PBXResourcesBuildPhase;
			buildActionMask = 2147483647;
			files = (
				4F59124D1EF9286800C8CFD0 /* LaunchScreen.storyboard in Resources */,
				4F59124A1EF9286800C8CFD0 /* Assets.xcassets in Resources */,
				4F5912481EF9286800C8CFD0 /* Main.storyboard in Resources */,
			);
			runOnlyForDeploymentPostprocessing = 0;
		};
/* End PBXResourcesBuildPhase section */

/* Begin PBXSourcesBuildPhase section */
		4F59123B1EF9286800C8CFD0 /* Sources */ = {
			isa = PBXSourcesBuildPhase;
			buildActionMask = 2147483647;
			files = (
				4F59125F1EF9481F00C8CFD0 /* GCDAsyncSocket.m in Sources */,
				4F59125A1EF9434200C8CFD0 /* MQTTFrame.swift in Sources */,
				4F5912451EF9286800C8CFD0 /* ViewController.swift in Sources */,
				4F59127F1EF9985500C8CFD0 /* SwiftyTimer.swift in Sources */,
				4F5912431EF9286800C8CFD0 /* AppDelegate.swift in Sources */,
				4F5912611EF9489700C8CFD0 /* GCDAsyncUdpSocket.m in Sources */,
				4F5912561EF93FA600C8CFD0 /* MQTT.swift in Sources */,
				4F5912581EF9402400C8CFD0 /* MQTTMessage.swift in Sources */,
			);
			runOnlyForDeploymentPostprocessing = 0;
		};
/* End PBXSourcesBuildPhase section */

/* Begin PBXVariantGroup section */
		4F5912461EF9286800C8CFD0 /* Main.storyboard */ = {
			isa = PBXVariantGroup;
			children = (
				4F5912471EF9286800C8CFD0 /* Base */,
			);
			name = Main.storyboard;
			sourceTree = "<group>";
		};
		4F59124B1EF9286800C8CFD0 /* LaunchScreen.storyboard */ = {
			isa = PBXVariantGroup;
			children = (
				4F59124C1EF9286800C8CFD0 /* Base */,
			);
			name = LaunchScreen.storyboard;
			sourceTree = "<group>";
		};
/* End PBXVariantGroup section */

/* Begin XCBuildConfiguration section */
		4F59124F1EF9286800C8CFD0 /* Debug */ = {
			isa = XCBuildConfiguration;
			buildSettings = {
				ALWAYS_SEARCH_USER_PATHS = NO;
				CLANG_ANALYZER_NONNULL = YES;
				CLANG_ANALYZER_NUMBER_OBJECT_CONVERSION = YES_AGGRESSIVE;
				CLANG_CXX_LANGUAGE_STANDARD = "gnu++0x";
				CLANG_CXX_LIBRARY = "libc++";
				CLANG_ENABLE_MODULES = YES;
				CLANG_ENABLE_OBJC_ARC = YES;
				CLANG_WARN_BOOL_CONVERSION = YES;
				CLANG_WARN_CONSTANT_CONVERSION = YES;
				CLANG_WARN_DIRECT_OBJC_ISA_USAGE = YES_ERROR;
				CLANG_WARN_DOCUMENTATION_COMMENTS = YES;
				CLANG_WARN_EMPTY_BODY = YES;
				CLANG_WARN_ENUM_CONVERSION = YES;
				CLANG_WARN_INFINITE_RECURSION = YES;
				CLANG_WARN_INT_CONVERSION = YES;
				CLANG_WARN_OBJC_ROOT_CLASS = YES_ERROR;
				CLANG_WARN_SUSPICIOUS_MOVE = YES;
				CLANG_WARN_UNREACHABLE_CODE = YES;
				CLANG_WARN__DUPLICATE_METHOD_MATCH = YES;
				"CODE_SIGN_IDENTITY[sdk=iphoneos*]" = "iPhone Developer";
				COPY_PHASE_STRIP = NO;
				DEBUG_INFORMATION_FORMAT = dwarf;
				ENABLE_STRICT_OBJC_MSGSEND = YES;
				ENABLE_TESTABILITY = YES;
				GCC_C_LANGUAGE_STANDARD = gnu99;
				GCC_DYNAMIC_NO_PIC = NO;
				GCC_NO_COMMON_BLOCKS = YES;
				GCC_OPTIMIZATION_LEVEL = 0;
				GCC_PREPROCESSOR_DEFINITIONS = (
					"DEBUG=1",
					"$(inherited)",
				);
				GCC_WARN_64_TO_32_BIT_CONVERSION = YES;
				GCC_WARN_ABOUT_RETURN_TYPE = YES_ERROR;
				GCC_WARN_UNDECLARED_SELECTOR = YES;
				GCC_WARN_UNINITIALIZED_AUTOS = YES_AGGRESSIVE;
				GCC_WARN_UNUSED_FUNCTION = YES;
				GCC_WARN_UNUSED_VARIABLE = YES;
				IPHONEOS_DEPLOYMENT_TARGET = 10.3;
				MTL_ENABLE_DEBUG_INFO = YES;
				ONLY_ACTIVE_ARCH = YES;
				SDKROOT = iphoneos;
				SWIFT_ACTIVE_COMPILATION_CONDITIONS = DEBUG;
				SWIFT_OPTIMIZATION_LEVEL = "-Onone";
				TARGETED_DEVICE_FAMILY = "1,2";
			};
			name = Debug;
		};
		4F5912501EF9286800C8CFD0 /* Release */ = {
			isa = XCBuildConfiguration;
			buildSettings = {
				ALWAYS_SEARCH_USER_PATHS = NO;
				CLANG_ANALYZER_NONNULL = YES;
				CLANG_ANALYZER_NUMBER_OBJECT_CONVERSION = YES_AGGRESSIVE;
				CLANG_CXX_LANGUAGE_STANDARD = "gnu++0x";
				CLANG_CXX_LIBRARY = "libc++";
				CLANG_ENABLE_MODULES = YES;
				CLANG_ENABLE_OBJC_ARC = YES;
				CLANG_WARN_BOOL_CONVERSION = YES;
				CLANG_WARN_CONSTANT_CONVERSION = YES;
				CLANG_WARN_DIRECT_OBJC_ISA_USAGE = YES_ERROR;
				CLANG_WARN_DOCUMENTATION_COMMENTS = YES;
				CLANG_WARN_EMPTY_BODY = YES;
				CLANG_WARN_ENUM_CONVERSION = YES;
				CLANG_WARN_INFINITE_RECURSION = YES;
				CLANG_WARN_INT_CONVERSION = YES;
				CLANG_WARN_OBJC_ROOT_CLASS = YES_ERROR;
				CLANG_WARN_SUSPICIOUS_MOVE = YES;
				CLANG_WARN_UNREACHABLE_CODE = YES;
				CLANG_WARN__DUPLICATE_METHOD_MATCH = YES;
				"CODE_SIGN_IDENTITY[sdk=iphoneos*]" = "iPhone Developer";
				COPY_PHASE_STRIP = NO;
				DEBUG_INFORMATION_FORMAT = "dwarf-with-dsym";
				ENABLE_NS_ASSERTIONS = NO;
				ENABLE_STRICT_OBJC_MSGSEND = YES;
				GCC_C_LANGUAGE_STANDARD = gnu99;
				GCC_NO_COMMON_BLOCKS = YES;
				GCC_WARN_64_TO_32_BIT_CONVERSION = YES;
				GCC_WARN_ABOUT_RETURN_TYPE = YES_ERROR;
				GCC_WARN_UNDECLARED_SELECTOR = YES;
				GCC_WARN_UNINITIALIZED_AUTOS = YES_AGGRESSIVE;
				GCC_WARN_UNUSED_FUNCTION = YES;
				GCC_WARN_UNUSED_VARIABLE = YES;
				IPHONEOS_DEPLOYMENT_TARGET = 10.3;
				MTL_ENABLE_DEBUG_INFO = NO;
				SDKROOT = iphoneos;
				SWIFT_OPTIMIZATION_LEVEL = "-Owholemodule";
				TARGETED_DEVICE_FAMILY = "1,2";
				VALIDATE_PRODUCT = YES;
			};
			name = Release;
		};
		4F5912521EF9286800C8CFD0 /* Debug */ = {
			isa = XCBuildConfiguration;
			buildSettings = {
				ALWAYS_SEARCH_USER_PATHS = YES;
				ASSETCATALOG_COMPILER_APPICON_NAME = AppIcon;
				CLANG_ENABLE_MODULES = YES;
				DEVELOPMENT_TEAM = HPJBGEQXU4;
				FRAMEWORK_SEARCH_PATHS = (
					"$(inherited)",
					"$(PROJECT_DIR)/MQTTExample",
				);
				"FRAMEWORK_SEARCH_PATHS[arch=*]" = (
					"$(inherited)",
					"$(PROJECT_DIR)/build/Debug-iphoneos",
					"$(SRCROOT)",
				);
				INFOPLIST_FILE = MQTTExample/Info.plist;
				LD_RUNPATH_SEARCH_PATHS = "$(inherited) @executable_path/Frameworks";
				PRODUCT_BUNDLE_IDENTIFIER = INGCAG.MQTTExample;
				PRODUCT_NAME = "$(TARGET_NAME)";
				SWIFT_OBJC_BRIDGING_HEADER = MQTTExample/AsyncSocket.h;
				SWIFT_OPTIMIZATION_LEVEL = "-Onone";
				SWIFT_VERSION = 3.0;
			};
			name = Debug;
		};
		4F5912531EF9286800C8CFD0 /* Release */ = {
			isa = XCBuildConfiguration;
			buildSettings = {
				ALWAYS_SEARCH_USER_PATHS = YES;
				ASSETCATALOG_COMPILER_APPICON_NAME = AppIcon;
				CLANG_ENABLE_MODULES = YES;
				DEVELOPMENT_TEAM = HPJBGEQXU4;
				FRAMEWORK_SEARCH_PATHS = (
					"$(inherited)",
					"$(PROJECT_DIR)/MQTTExample",
				);
				"FRAMEWORK_SEARCH_PATHS[arch=*]" = (
					"$(inherited)",
					"$(PROJECT_DIR)/build/Debug-iphoneos",
					"$(SRCROOT)",
				);
				INFOPLIST_FILE = MQTTExample/Info.plist;
				LD_RUNPATH_SEARCH_PATHS = "$(inherited) @executable_path/Frameworks";
				PRODUCT_BUNDLE_IDENTIFIER = INGCAG.MQTTExample;
				PRODUCT_NAME = "$(TARGET_NAME)";
				SWIFT_OBJC_BRIDGING_HEADER = MQTTExample/AsyncSocket.h;
				SWIFT_VERSION = 3.0;
			};
			name = Release;
		};
/* End XCBuildConfiguration section */

/* Begin XCConfigurationList section */
		4F59123A1EF9286800C8CFD0 /* Build configuration list for PBXProject "MQTTExample" */ = {
			isa = XCConfigurationList;
			buildConfigurations = (
				4F59124F1EF9286800C8CFD0 /* Debug */,
				4F5912501EF9286800C8CFD0 /* Release */,
			);
			defaultConfigurationIsVisible = 0;
			defaultConfigurationName = Release;
		};
		4F5912511EF9286800C8CFD0 /* Build configuration list for PBXNativeTarget "MQTTExample" */ = {
			isa = XCConfigurationList;
			buildConfigurations = (
				4F5912521EF9286800C8CFD0 /* Debug */,
				4F5912531EF9286800C8CFD0 /* Release */,
			);
			defaultConfigurationIsVisible = 0;
		};
/* End XCConfigurationList section */
	};
	rootObject = 4F5912371EF9286800C8CFD0 /* Project object */;
}
